// !$*UTF8*$!
{
	archiveVersion = 1;
	classes = {
	};
	objectVersion = 46;
	objects = {

/* Begin PBXBuildFile section */
		B547365F1BC08F82001E4F32 /* NodeDefLoadList.m in Sources */ = {isa = PBXBuildFile; fileRef = B547365E1BC08F82001E4F32 /* NodeDefLoadList.m */; settings = {ASSET_TAGS = (); }; };
		B583FAD01BBA755F00EDD446 /* Helpers.m in Sources */ = {isa = PBXBuildFile; fileRef = B583FACF1BBA755F00EDD446 /* Helpers.m */; settings = {ASSET_TAGS = (); }; };
		B5B07FE61BB8020B00C0D631 /* Diatom-Storage.cpp in Sources */ = {isa = PBXBuildFile; fileRef = B5B07FDA1BB8020B00C0D631 /* Diatom-Storage.cpp */; settings = {ASSET_TAGS = (); }; };
		B5B07FE71BB8020B00C0D631 /* Diatom.cpp in Sources */ = {isa = PBXBuildFile; fileRef = B5B07FDC1BB8020B00C0D631 /* Diatom.cpp */; settings = {ASSET_TAGS = (); }; };
		B5D2A54D1BB867C30049F357 /* NodeLoaderWinCtrlr.m in Sources */ = {isa = PBXBuildFile; fileRef = B5D2A54B1BB867C30049F357 /* NodeLoaderWinCtrlr.m */; settings = {ASSET_TAGS = (); }; };
		B5D2A54E1BB867C30049F357 /* NodeLoaderWinCtrlr.xib in Resources */ = {isa = PBXBuildFile; fileRef = B5D2A54C1BB867C30049F357 /* NodeLoaderWinCtrlr.xib */; settings = {ASSET_TAGS = (); }; };
		E152C3B11B13C62900D58FC0 /* BuiltInNodeListView.m in Sources */ = {isa = PBXBuildFile; fileRef = E152C3B01B13C62900D58FC0 /* BuiltInNodeListView.m */; };
		E1835C561B05369A00815694 /* Diatomize.cpp in Sources */ = {isa = PBXBuildFile; fileRef = E1835C501B05369A00815694 /* Diatomize.cpp */; };
		E1CB18621AC057B000E7B579 /* main.m in Sources */ = {isa = PBXBuildFile; fileRef = E1CB18611AC057B000E7B579 /* main.m */; };
		E1CB186A1AC057B000E7B579 /* Images.xcassets in Resources */ = {isa = PBXBuildFile; fileRef = E1CB18691AC057B000E7B579 /* Images.xcassets */; };
		E1CB18831AC057C800E7B579 /* AppDelegate.m in Sources */ = {isa = PBXBuildFile; fileRef = E1CB18821AC057C800E7B579 /* AppDelegate.m */; };
		E1CB18891AC057DA00E7B579 /* Document.m in Sources */ = {isa = PBXBuildFile; fileRef = E1CB18871AC057DA00E7B579 /* Document.m */; };
		E1CB188B1AC057E500E7B579 /* Document.xib in Resources */ = {isa = PBXBuildFile; fileRef = E1CB188A1AC057E500E7B579 /* Document.xib */; };
		E1CB188D1AC057EE00E7B579 /* MainMenu.xib in Resources */ = {isa = PBXBuildFile; fileRef = E1CB188C1AC057EE00E7B579 /* MainMenu.xib */; };
		E1CB18C21AC0728D00E7B579 /* ScrollingTreeView.m in Sources */ = {isa = PBXBuildFile; fileRef = E1CB18C11AC0728D00E7B579 /* ScrollingTreeView.m */; };
		E1CB18C81AC07BF600E7B579 /* bg_tile.png in Resources */ = {isa = PBXBuildFile; fileRef = E1CB18C71AC07BF600E7B579 /* bg_tile.png */; };
		E1CB18CB1AC2FF8300E7B579 /* GraphPaperView.m in Sources */ = {isa = PBXBuildFile; fileRef = E1CB18CA1AC2FF8300E7B579 /* GraphPaperView.m */; };
		E1CB18D01AC4987E00E7B579 /* DragDestView.m in Sources */ = {isa = PBXBuildFile; fileRef = E1CB18CF1AC4987E00E7B579 /* DragDestView.m */; };
/* End PBXBuildFile section */

/* Begin PBXFileReference section */
		B547365D1BC08F82001E4F32 /* NodeDefLoadList.h */ = {isa = PBXFileReference; fileEncoding = 4; lastKnownFileType = sourcecode.c.h; path = NodeDefLoadList.h; sourceTree = "<group>"; };
		B547365E1BC08F82001E4F32 /* NodeDefLoadList.m */ = {isa = PBXFileReference; explicitFileType = sourcecode.cpp.objcpp; fileEncoding = 4; path = NodeDefLoadList.m; sourceTree = "<group>"; };
		B576ED731BC14A0400C5413F /* NodeDefFile.h */ = {isa = PBXFileReference; lastKnownFileType = sourcecode.c.h; path = NodeDefFile.h; sourceTree = "<group>"; };
		B583FACF1BBA755F00EDD446 /* Helpers.m */ = {isa = PBXFileReference; explicitFileType = sourcecode.cpp.objcpp; fileEncoding = 4; path = Helpers.m; sourceTree = "<group>"; };
		B583FAD11BBA756F00EDD446 /* Helpers.h */ = {isa = PBXFileReference; lastKnownFileType = sourcecode.c.h; path = Helpers.h; sourceTree = "<group>"; };
		B5B07FDA1BB8020B00C0D631 /* Diatom-Storage.cpp */ = {isa = PBXFileReference; fileEncoding = 4; lastKnownFileType = sourcecode.cpp.cpp; path = "Diatom-Storage.cpp"; sourceTree = "<group>"; };
		B5B07FDB1BB8020B00C0D631 /* Diatom-Storage.h */ = {isa = PBXFileReference; fileEncoding = 4; lastKnownFileType = sourcecode.c.h; path = "Diatom-Storage.h"; sourceTree = "<group>"; };
		B5B07FDC1BB8020B00C0D631 /* Diatom.cpp */ = {isa = PBXFileReference; fileEncoding = 4; lastKnownFileType = sourcecode.cpp.cpp; path = Diatom.cpp; sourceTree = "<group>"; };
		B5B07FDD1BB8020B00C0D631 /* Diatom.h */ = {isa = PBXFileReference; fileEncoding = 4; lastKnownFileType = sourcecode.c.h; path = Diatom.h; sourceTree = "<group>"; };
		B5D2A54A1BB867C30049F357 /* NodeLoaderWinCtrlr.h */ = {isa = PBXFileReference; fileEncoding = 4; lastKnownFileType = sourcecode.c.h; path = NodeLoaderWinCtrlr.h; sourceTree = "<group>"; };
		B5D2A54B1BB867C30049F357 /* NodeLoaderWinCtrlr.m */ = {isa = PBXFileReference; explicitFileType = sourcecode.cpp.objcpp; fileEncoding = 4; path = NodeLoaderWinCtrlr.m; sourceTree = "<group>"; };
		B5D2A54C1BB867C30049F357 /* NodeLoaderWinCtrlr.xib */ = {isa = PBXFileReference; fileEncoding = 4; lastKnownFileType = file.xib; path = NodeLoaderWinCtrlr.xib; sourceTree = "<group>"; };
		E14399C01B04C3D100FAEDA2 /* Banyan.h */ = {isa = PBXFileReference; fileEncoding = 4; lastKnownFileType = sourcecode.c.h; path = Banyan.h; sourceTree = "<group>"; };
		E14399C51B04C3D100FAEDA2 /* Node_Inverter.h */ = {isa = PBXFileReference; fileEncoding = 4; lastKnownFileType = sourcecode.c.h; path = Node_Inverter.h; sourceTree = "<group>"; };
		E14399C61B04C3D100FAEDA2 /* Node_Repeater.h */ = {isa = PBXFileReference; fileEncoding = 4; lastKnownFileType = sourcecode.c.h; path = Node_Repeater.h; sourceTree = "<group>"; };
		E14399C71B04C3D100FAEDA2 /* Node_Selector.h */ = {isa = PBXFileReference; fileEncoding = 4; lastKnownFileType = sourcecode.c.h; path = Node_Selector.h; sourceTree = "<group>"; };
		E14399C81B04C3D100FAEDA2 /* Node_Sequence.h */ = {isa = PBXFileReference; fileEncoding = 4; lastKnownFileType = sourcecode.c.h; path = Node_Sequence.h; sourceTree = "<group>"; };
		E14399C91B04C3D100FAEDA2 /* Node_Succeeder.h */ = {isa = PBXFileReference; fileEncoding = 4; lastKnownFileType = sourcecode.c.h; path = Node_Succeeder.h; sourceTree = "<group>"; };
		E14399CA1B04C3D100FAEDA2 /* Node_While.h */ = {isa = PBXFileReference; fileEncoding = 4; lastKnownFileType = sourcecode.c.h; path = Node_While.h; sourceTree = "<group>"; };
		E14399CB1B04C3D100FAEDA2 /* NodeBase.h */ = {isa = PBXFileReference; fileEncoding = 4; lastKnownFileType = sourcecode.c.h; path = NodeBase.h; sourceTree = "<group>"; };
		E14399CC1B04C3D100FAEDA2 /* NodeRegistry.h */ = {isa = PBXFileReference; fileEncoding = 4; lastKnownFileType = sourcecode.c.h; path = NodeRegistry.h; sourceTree = "<group>"; };
		E14399DE1B04C3D100FAEDA2 /* TreeDef.h */ = {isa = PBXFileReference; fileEncoding = 4; lastKnownFileType = sourcecode.c.h; path = TreeDef.h; sourceTree = "<group>"; };
		E14399DF1B04C3D100FAEDA2 /* TreeInst.h */ = {isa = PBXFileReference; fileEncoding = 4; lastKnownFileType = sourcecode.c.h; path = TreeInst.h; sourceTree = "<group>"; };
		E1439A141B04C4FD00FAEDA2 /* GenericTree.h */ = {isa = PBXFileReference; fileEncoding = 4; lastKnownFileType = sourcecode.c.h; path = GenericTree.h; sourceTree = "<group>"; };
		E1439A1D1B04C51A00FAEDA2 /* PoppableStackAllocator.h */ = {isa = PBXFileReference; fileEncoding = 4; lastKnownFileType = sourcecode.c.h; path = PoppableStackAllocator.h; sourceTree = "<group>"; };
		E1439A201B04C51A00FAEDA2 /* UnpoppableStackAllocator.h */ = {isa = PBXFileReference; fileEncoding = 4; lastKnownFileType = sourcecode.c.h; path = UnpoppableStackAllocator.h; sourceTree = "<group>"; };
		E152C3AF1B13C62900D58FC0 /* BuiltInNodeListView.h */ = {isa = PBXFileReference; fileEncoding = 4; lastKnownFileType = sourcecode.c.h; path = BuiltInNodeListView.h; sourceTree = "<group>"; };
		E152C3B01B13C62900D58FC0 /* BuiltInNodeListView.m */ = {isa = PBXFileReference; explicitFileType = sourcecode.cpp.objcpp; fileEncoding = 4; path = BuiltInNodeListView.m; sourceTree = "<group>"; };
		E1835C501B05369A00815694 /* Diatomize.cpp */ = {isa = PBXFileReference; fileEncoding = 4; lastKnownFileType = sourcecode.cpp.cpp; path = Diatomize.cpp; sourceTree = "<group>"; };
		E1835C511B05369A00815694 /* Diatomize.h */ = {isa = PBXFileReference; fileEncoding = 4; lastKnownFileType = sourcecode.c.h; path = Diatomize.h; sourceTree = "<group>"; };
		E1835C591B0B99AA00815694 /* Wrapper.h */ = {isa = PBXFileReference; lastKnownFileType = sourcecode.c.h; path = Wrapper.h; sourceTree = "<group>"; };
		E1CB18591AC057B000E7B579 /* Syncarp.app */ = {isa = PBXFileReference; explicitFileType = wrapper.application; includeInIndex = 0; path = Syncarp.app; sourceTree = BUILT_PRODUCTS_DIR; };
		E1CB185D1AC057B000E7B579 /* Info.plist */ = {isa = PBXFileReference; lastKnownFileType = text.plist.xml; path = Info.plist; sourceTree = "<group>"; };
		E1CB185E1AC057B000E7B579 /* AppDelegate.h */ = {isa = PBXFileReference; lastKnownFileType = sourcecode.c.h; path = AppDelegate.h; sourceTree = "<group>"; };
		E1CB18611AC057B000E7B579 /* main.m */ = {isa = PBXFileReference; lastKnownFileType = sourcecode.c.objc; path = main.m; sourceTree = "<group>"; };
		E1CB18691AC057B000E7B579 /* Images.xcassets */ = {isa = PBXFileReference; lastKnownFileType = folder.assetcatalog; path = Images.xcassets; sourceTree = "<group>"; };
		E1CB18771AC057B000E7B579 /* Info.plist */ = {isa = PBXFileReference; lastKnownFileType = text.plist.xml; path = Info.plist; sourceTree = "<group>"; };
		E1CB18781AC057B000E7B579 /* SyncarpTests.m */ = {isa = PBXFileReference; lastKnownFileType = sourcecode.c.objc; path = SyncarpTests.m; sourceTree = "<group>"; };
		E1CB18821AC057C800E7B579 /* AppDelegate.m */ = {isa = PBXFileReference; explicitFileType = sourcecode.cpp.objcpp; fileEncoding = 4; path = AppDelegate.m; sourceTree = "<group>"; };
		E1CB18861AC057DA00E7B579 /* Document.h */ = {isa = PBXFileReference; fileEncoding = 4; lastKnownFileType = sourcecode.c.h; path = Document.h; sourceTree = "<group>"; };
		E1CB18871AC057DA00E7B579 /* Document.m */ = {isa = PBXFileReference; explicitFileType = sourcecode.cpp.objcpp; fileEncoding = 4; path = Document.m; sourceTree = "<group>"; };
		E1CB188A1AC057E500E7B579 /* Document.xib */ = {isa = PBXFileReference; fileEncoding = 4; lastKnownFileType = file.xib; path = Document.xib; sourceTree = "<group>"; };
		E1CB188C1AC057EE00E7B579 /* MainMenu.xib */ = {isa = PBXFileReference; fileEncoding = 4; lastKnownFileType = file.xib; path = MainMenu.xib; sourceTree = "<group>"; };
		E1CB18C01AC0728D00E7B579 /* ScrollingTreeView.h */ = {isa = PBXFileReference; fileEncoding = 4; lastKnownFileType = sourcecode.c.h; path = ScrollingTreeView.h; sourceTree = "<group>"; };
		E1CB18C11AC0728D00E7B579 /* ScrollingTreeView.m */ = {isa = PBXFileReference; explicitFileType = sourcecode.cpp.objcpp; fileEncoding = 4; path = ScrollingTreeView.m; sourceTree = "<group>"; };
		E1CB18C71AC07BF600E7B579 /* bg_tile.png */ = {isa = PBXFileReference; lastKnownFileType = image.png; path = bg_tile.png; sourceTree = "<group>"; };
		E1CB18C91AC2FF8300E7B579 /* GraphPaperView.h */ = {isa = PBXFileReference; fileEncoding = 4; lastKnownFileType = sourcecode.c.h; path = GraphPaperView.h; sourceTree = "<group>"; };
		E1CB18CA1AC2FF8300E7B579 /* GraphPaperView.m */ = {isa = PBXFileReference; fileEncoding = 4; lastKnownFileType = sourcecode.c.objc; path = GraphPaperView.m; sourceTree = "<group>"; };
		E1CB18CE1AC4987E00E7B579 /* DragDestView.h */ = {isa = PBXFileReference; fileEncoding = 4; lastKnownFileType = sourcecode.c.h; path = DragDestView.h; sourceTree = "<group>"; };
		E1CB18CF1AC4987E00E7B579 /* DragDestView.m */ = {isa = PBXFileReference; fileEncoding = 4; lastKnownFileType = sourcecode.c.objc; path = DragDestView.m; sourceTree = "<group>"; };
/* End PBXFileReference section */

/* Begin PBXFrameworksBuildPhase section */
		E1CB18561AC057B000E7B579 /* Frameworks */ = {
			isa = PBXFrameworksBuildPhase;
			buildActionMask = 2147483647;
			files = (
			);
			runOnlyForDeploymentPostprocessing = 0;
		};
/* End PBXFrameworksBuildPhase section */

/* Begin PBXGroup section */
		B5B07FD51BB8020B00C0D631 /* Diatom */ = {
			isa = PBXGroup;
			children = (
				B5B07FDA1BB8020B00C0D631 /* Diatom-Storage.cpp */,
				B5B07FDB1BB8020B00C0D631 /* Diatom-Storage.h */,
				B5B07FDC1BB8020B00C0D631 /* Diatom.cpp */,
				B5B07FDD1BB8020B00C0D631 /* Diatom.h */,
			);
			name = Diatom;
			path = ../../Dev/Diatom;
			sourceTree = "<group>";
		};
		B5D2A5491BB867900049F357 /* Main doc window views */ = {
			isa = PBXGroup;
			children = (
				E152C3AF1B13C62900D58FC0 /* BuiltInNodeListView.h */,
				E152C3B01B13C62900D58FC0 /* BuiltInNodeListView.m */,
				E1CB18C01AC0728D00E7B579 /* ScrollingTreeView.h */,
				E1CB18C11AC0728D00E7B579 /* ScrollingTreeView.m */,
				E1CB18C91AC2FF8300E7B579 /* GraphPaperView.h */,
				E1CB18CA1AC2FF8300E7B579 /* GraphPaperView.m */,
			);
			name = "Main doc window views";
			sourceTree = "<group>";
		};
		B5D2A54F1BB867C80049F357 /* Node loader window */ = {
			isa = PBXGroup;
			children = (
				B547365D1BC08F82001E4F32 /* NodeDefLoadList.h */,
				B547365E1BC08F82001E4F32 /* NodeDefLoadList.m */,
				B5D2A54A1BB867C30049F357 /* NodeLoaderWinCtrlr.h */,
				B5D2A54B1BB867C30049F357 /* NodeLoaderWinCtrlr.m */,
				B5D2A54C1BB867C30049F357 /* NodeLoaderWinCtrlr.xib */,
			);
			name = "Node loader window";
			sourceTree = "<group>";
		};
		E14399BE1B04C3D100FAEDA2 /* Banyan */ = {
			isa = PBXGroup;
			children = (
				E14399C01B04C3D100FAEDA2 /* Banyan.h */,
				E14399C51B04C3D100FAEDA2 /* Node_Inverter.h */,
				E14399C61B04C3D100FAEDA2 /* Node_Repeater.h */,
				E14399C71B04C3D100FAEDA2 /* Node_Selector.h */,
				E14399C81B04C3D100FAEDA2 /* Node_Sequence.h */,
				E14399C91B04C3D100FAEDA2 /* Node_Succeeder.h */,
				E14399CA1B04C3D100FAEDA2 /* Node_While.h */,
				E14399CB1B04C3D100FAEDA2 /* NodeBase.h */,
				E14399CC1B04C3D100FAEDA2 /* NodeRegistry.h */,
				E14399DE1B04C3D100FAEDA2 /* TreeDef.h */,
				E14399DF1B04C3D100FAEDA2 /* TreeInst.h */,
			);
			name = Banyan;
			path = ../../Dev/Banyan;
			sourceTree = "<group>";
		};
		E1439A0F1B04C4FD00FAEDA2 /* GenericTree */ = {
			isa = PBXGroup;
			children = (
				E1439A141B04C4FD00FAEDA2 /* GenericTree.h */,
			);
			name = GenericTree;
			path = ../../Dev/GenericTree;
			sourceTree = "<group>";
		};
		E1439A1B1B04C51A00FAEDA2 /* PoppableStackAllocator */ = {
			isa = PBXGroup;
			children = (
				E1439A1D1B04C51A00FAEDA2 /* PoppableStackAllocator.h */,
				E1439A201B04C51A00FAEDA2 /* UnpoppableStackAllocator.h */,
			);
			name = PoppableStackAllocator;
			path = ../../Dev/PoppableStackAllocator;
			sourceTree = "<group>";
		};
		E1835C4D1B05369A00815694 /* Diatomize */ = {
			isa = PBXGroup;
			children = (
				E1835C501B05369A00815694 /* Diatomize.cpp */,
				E1835C511B05369A00815694 /* Diatomize.h */,
			);
			name = Diatomize;
			path = ../../Dev/Diatomize;
			sourceTree = "<group>";
		};
		E1CB18501AC057B000E7B579 = {
			isa = PBXGroup;
			children = (
				E1CB185B1AC057B000E7B579 /* Syncarp */,
				E1CB18751AC057B000E7B579 /* SyncarpTests */,
				E1CB185A1AC057B000E7B579 /* Products */,
			);
			sourceTree = "<group>";
		};
		E1CB185A1AC057B000E7B579 /* Products */ = {
			isa = PBXGroup;
			children = (
				E1CB18591AC057B000E7B579 /* Syncarp.app */,
			);
			name = Products;
			sourceTree = "<group>";
		};
		E1CB185B1AC057B000E7B579 /* Syncarp */ = {
			isa = PBXGroup;
			children = (
				E1CB185E1AC057B000E7B579 /* AppDelegate.h */,
				E1CB18821AC057C800E7B579 /* AppDelegate.m */,
				E1CB18861AC057DA00E7B579 /* Document.h */,
				E1CB18871AC057DA00E7B579 /* Document.m */,
				E1CB188A1AC057E500E7B579 /* Document.xib */,
				B5D2A5491BB867900049F357 /* Main doc window views */,
				B5D2A54F1BB867C80049F357 /* Node loader window */,
				E1CB18CE1AC4987E00E7B579 /* DragDestView.h */,
				E1CB18CF1AC4987E00E7B579 /* DragDestView.m */,
				E1835C591B0B99AA00815694 /* Wrapper.h */,
				E1CB18691AC057B000E7B579 /* Images.xcassets */,
				E1CB188C1AC057EE00E7B579 /* MainMenu.xib */,
				E1CB18C71AC07BF600E7B579 /* bg_tile.png */,
				B5B07FD51BB8020B00C0D631 /* Diatom */,
				E1835C4D1B05369A00815694 /* Diatomize */,
				E1439A0F1B04C4FD00FAEDA2 /* GenericTree */,
				E1439A1B1B04C51A00FAEDA2 /* PoppableStackAllocator */,
				E14399BE1B04C3D100FAEDA2 /* Banyan */,
				E1CB185C1AC057B000E7B579 /* Supporting Files */,
				B583FACF1BBA755F00EDD446 /* Helpers.m */,
				B583FAD11BBA756F00EDD446 /* Helpers.h */,
				B576ED731BC14A0400C5413F /* NodeDefFile.h */,
			);
			path = Syncarp;
			sourceTree = "<group>";
		};
		E1CB185C1AC057B000E7B579 /* Supporting Files */ = {
			isa = PBXGroup;
			children = (
				E1CB185D1AC057B000E7B579 /* Info.plist */,
				E1CB18611AC057B000E7B579 /* main.m */,
			);
			name = "Supporting Files";
			sourceTree = "<group>";
		};
		E1CB18751AC057B000E7B579 /* SyncarpTests */ = {
			isa = PBXGroup;
			children = (
				E1CB18781AC057B000E7B579 /* SyncarpTests.m */,
				E1CB18761AC057B000E7B579 /* Supporting Files */,
			);
			path = SyncarpTests;
			sourceTree = "<group>";
		};
		E1CB18761AC057B000E7B579 /* Supporting Files */ = {
			isa = PBXGroup;
			children = (
				E1CB18771AC057B000E7B579 /* Info.plist */,
			);
			name = "Supporting Files";
			sourceTree = "<group>";
		};
/* End PBXGroup section */

/* Begin PBXNativeTarget section */
		E1CB18581AC057B000E7B579 /* Syncarp */ = {
			isa = PBXNativeTarget;
			buildConfigurationList = E1CB187C1AC057B000E7B579 /* Build configuration list for PBXNativeTarget "Syncarp" */;
			buildPhases = (
				E1CB18551AC057B000E7B579 /* Sources */,
				E1CB18561AC057B000E7B579 /* Frameworks */,
				E1CB18571AC057B000E7B579 /* Resources */,
			);
			buildRules = (
			);
			dependencies = (
			);
			name = Syncarp;
			productName = Syncarp;
			productReference = E1CB18591AC057B000E7B579 /* Syncarp.app */;
			productType = "com.apple.product-type.application";
		};
/* End PBXNativeTarget section */

/* Begin PBXProject section */
		E1CB18511AC057B000E7B579 /* Project object */ = {
			isa = PBXProject;
			attributes = {
				LastUpgradeCheck = 0700;
				ORGANIZATIONNAME = Ben;
				TargetAttributes = {
					E1CB18581AC057B000E7B579 = {
						CreatedOnToolsVersion = 6.2;
					};
				};
			};
			buildConfigurationList = E1CB18541AC057B000E7B579 /* Build configuration list for PBXProject "Syncarp" */;
			compatibilityVersion = "Xcode 3.2";
			developmentRegion = English;
			hasScannedForEncodings = 0;
			knownRegions = (
				en,
				Base,
			);
			mainGroup = E1CB18501AC057B000E7B579;
			productRefGroup = E1CB185A1AC057B000E7B579 /* Products */;
			projectDirPath = "";
			projectRoot = "";
			targets = (
				E1CB18581AC057B000E7B579 /* Syncarp */,
			);
		};
/* End PBXProject section */

/* Begin PBXResourcesBuildPhase section */
		E1CB18571AC057B000E7B579 /* Resources */ = {
			isa = PBXResourcesBuildPhase;
			buildActionMask = 2147483647;
			files = (
				B5D2A54E1BB867C30049F357 /* NodeLoaderWinCtrlr.xib in Resources */,
				E1CB18C81AC07BF600E7B579 /* bg_tile.png in Resources */,
				E1CB188B1AC057E500E7B579 /* Document.xib in Resources */,
				E1CB186A1AC057B000E7B579 /* Images.xcassets in Resources */,
				E1CB188D1AC057EE00E7B579 /* MainMenu.xib in Resources */,
			);
			runOnlyForDeploymentPostprocessing = 0;
		};
/* End PBXResourcesBuildPhase section */

/* Begin PBXSourcesBuildPhase section */
		E1CB18551AC057B000E7B579 /* Sources */ = {
			isa = PBXSourcesBuildPhase;
			buildActionMask = 2147483647;
			files = (
				B5D2A54D1BB867C30049F357 /* NodeLoaderWinCtrlr.m in Sources */,
				E1CB18C21AC0728D00E7B579 /* ScrollingTreeView.m in Sources */,
				B5B07FE61BB8020B00C0D631 /* Diatom-Storage.cpp in Sources */,
				B583FAD01BBA755F00EDD446 /* Helpers.m in Sources */,
				E1CB18891AC057DA00E7B579 /* Document.m in Sources */,
				B547365F1BC08F82001E4F32 /* NodeDefLoadList.m in Sources */,
				E1CB18621AC057B000E7B579 /* main.m in Sources */,
				B5B07FE71BB8020B00C0D631 /* Diatom.cpp in Sources */,
				E1835C561B05369A00815694 /* Diatomize.cpp in Sources */,
				E1CB18D01AC4987E00E7B579 /* DragDestView.m in Sources */,
				E152C3B11B13C62900D58FC0 /* BuiltInNodeListView.m in Sources */,
				E1CB18CB1AC2FF8300E7B579 /* GraphPaperView.m in Sources */,
				E1CB18831AC057C800E7B579 /* AppDelegate.m in Sources */,
			);
			runOnlyForDeploymentPostprocessing = 0;
		};
/* End PBXSourcesBuildPhase section */

/* Begin XCBuildConfiguration section */
		E1CB187A1AC057B000E7B579 /* Debug */ = {
			isa = XCBuildConfiguration;
			buildSettings = {
				ALWAYS_SEARCH_USER_PATHS = NO;
				CLANG_CXX_LANGUAGE_STANDARD = "gnu++0x";
				CLANG_CXX_LIBRARY = "libc++";
				CLANG_ENABLE_MODULES = YES;
				CLANG_ENABLE_OBJC_ARC = YES;
				CLANG_WARN_BOOL_CONVERSION = YES;
				CLANG_WARN_CONSTANT_CONVERSION = YES;
				CLANG_WARN_DIRECT_OBJC_ISA_USAGE = YES_ERROR;
				CLANG_WARN_EMPTY_BODY = YES;
				CLANG_WARN_ENUM_CONVERSION = YES;
				CLANG_WARN_INT_CONVERSION = YES;
				CLANG_WARN_OBJC_ROOT_CLASS = YES_ERROR;
				CLANG_WARN_UNREACHABLE_CODE = YES;
				CLANG_WARN__DUPLICATE_METHOD_MATCH = YES;
				CODE_SIGN_IDENTITY = "-";
				COPY_PHASE_STRIP = NO;
				ENABLE_STRICT_OBJC_MSGSEND = YES;
				ENABLE_TESTABILITY = YES;
				GCC_C_LANGUAGE_STANDARD = gnu99;
				GCC_DYNAMIC_NO_PIC = NO;
				GCC_OPTIMIZATION_LEVEL = 0;
				GCC_PREPROCESSOR_DEFINITIONS = (
					"DEBUG=1",
					"$(inherited)",
				);
				GCC_SYMBOLS_PRIVATE_EXTERN = NO;
				GCC_WARN_64_TO_32_BIT_CONVERSION = YES;
				GCC_WARN_ABOUT_RETURN_TYPE = YES_ERROR;
				GCC_WARN_UNDECLARED_SELECTOR = YES;
				GCC_WARN_UNINITIALIZED_AUTOS = YES_AGGRESSIVE;
				GCC_WARN_UNUSED_FUNCTION = YES;
				GCC_WARN_UNUSED_VARIABLE = YES;
				MACOSX_DEPLOYMENT_TARGET = 10.10;
				MTL_ENABLE_DEBUG_INFO = YES;
				ONLY_ACTIVE_ARCH = YES;
				SDKROOT = macosx;
			};
			name = Debug;
		};
		E1CB187B1AC057B000E7B579 /* Release */ = {
			isa = XCBuildConfiguration;
			buildSettings = {
				ALWAYS_SEARCH_USER_PATHS = NO;
				CLANG_CXX_LANGUAGE_STANDARD = "gnu++0x";
				CLANG_CXX_LIBRARY = "libc++";
				CLANG_ENABLE_MODULES = YES;
				CLANG_ENABLE_OBJC_ARC = YES;
				CLANG_WARN_BOOL_CONVERSION = YES;
				CLANG_WARN_CONSTANT_CONVERSION = YES;
				CLANG_WARN_DIRECT_OBJC_ISA_USAGE = YES_ERROR;
				CLANG_WARN_EMPTY_BODY = YES;
				CLANG_WARN_ENUM_CONVERSION = YES;
				CLANG_WARN_INT_CONVERSION = YES;
				CLANG_WARN_OBJC_ROOT_CLASS = YES_ERROR;
				CLANG_WARN_UNREACHABLE_CODE = YES;
				CLANG_WARN__DUPLICATE_METHOD_MATCH = YES;
				CODE_SIGN_IDENTITY = "-";
				COPY_PHASE_STRIP = NO;
				DEBUG_INFORMATION_FORMAT = "dwarf-with-dsym";
				ENABLE_NS_ASSERTIONS = NO;
				ENABLE_STRICT_OBJC_MSGSEND = YES;
				GCC_C_LANGUAGE_STANDARD = gnu99;
				GCC_WARN_64_TO_32_BIT_CONVERSION = YES;
				GCC_WARN_ABOUT_RETURN_TYPE = YES_ERROR;
				GCC_WARN_UNDECLARED_SELECTOR = YES;
				GCC_WARN_UNINITIALIZED_AUTOS = YES_AGGRESSIVE;
				GCC_WARN_UNUSED_FUNCTION = YES;
				GCC_WARN_UNUSED_VARIABLE = YES;
				MACOSX_DEPLOYMENT_TARGET = 10.10;
				MTL_ENABLE_DEBUG_INFO = NO;
				SDKROOT = macosx;
			};
			name = Release;
		};
		E1CB187D1AC057B000E7B579 /* Debug */ = {
			isa = XCBuildConfiguration;
			buildSettings = {
				ASSETCATALOG_COMPILER_APPICON_NAME = AppIcon;
				COMBINE_HIDPI_IMAGES = YES;
				INFOPLIST_FILE = Syncarp/Info.plist;
				LD_RUNPATH_SEARCH_PATHS = "$(inherited) @executable_path/../Frameworks";
				LIBRARY_SEARCH_PATHS = "$(inherited)";
				PRODUCT_BUNDLE_IDENTIFIER = "ben.am.$(PRODUCT_NAME:rfc1034identifier)";
				PRODUCT_NAME = "$(TARGET_NAME)";
			};
			name = Debug;
		};
		E1CB187E1AC057B000E7B579 /* Release */ = {
			isa = XCBuildConfiguration;
			buildSettings = {
				ASSETCATALOG_COMPILER_APPICON_NAME = AppIcon;
				COMBINE_HIDPI_IMAGES = YES;
				INFOPLIST_FILE = Syncarp/Info.plist;
				LD_RUNPATH_SEARCH_PATHS = "$(inherited) @executable_path/../Frameworks";
				LIBRARY_SEARCH_PATHS = "$(inherited)";
				PRODUCT_BUNDLE_IDENTIFIER = "ben.am.$(PRODUCT_NAME:rfc1034identifier)";
				PRODUCT_NAME = "$(TARGET_NAME)";
			};
			name = Release;
		};
/* End XCBuildConfiguration section */

/* Begin XCConfigurationList section */
		E1CB18541AC057B000E7B579 /* Build configuration list for PBXProject "Syncarp" */ = {
			isa = XCConfigurationList;
			buildConfigurations = (
				E1CB187A1AC057B000E7B579 /* Debug */,
				E1CB187B1AC057B000E7B579 /* Release */,
			);
			defaultConfigurationIsVisible = 0;
			defaultConfigurationName = Release;
		};
		E1CB187C1AC057B000E7B579 /* Build configuration list for PBXNativeTarget "Syncarp" */ = {
			isa = XCConfigurationList;
			buildConfigurations = (
				E1CB187D1AC057B000E7B579 /* Debug */,
				E1CB187E1AC057B000E7B579 /* Release */,
			);
			defaultConfigurationIsVisible = 0;
			defaultConfigurationName = Release;
		};
/* End XCConfigurationList section */
	};
	rootObject = E1CB18511AC057B000E7B579 /* Project object */;
}
